// !$*UTF8*$!
{
	archiveVersion = 1;
	classes = {
	};
	objectVersion = 46;
	objects = {

/* Begin PBXBuildFile section */
		2647C8C01E7DF761007D8283 /* AppDelegate.swift in Sources */ = {isa = PBXBuildFile; fileRef = 2647C8BF1E7DF761007D8283 /* AppDelegate.swift */; };
		2647C8C21E7DF761007D8283 /* LoginViewController.swift in Sources */ = {isa = PBXBuildFile; fileRef = 2647C8C11E7DF761007D8283 /* LoginViewController.swift */; };
		2647C8C51E7DF761007D8283 /* Main.storyboard in Resources */ = {isa = PBXBuildFile; fileRef = 2647C8C31E7DF761007D8283 /* Main.storyboard */; };
		2647C8C81E7DF761007D8283 /* OnTheMap.xcdatamodeld in Sources */ = {isa = PBXBuildFile; fileRef = 2647C8C61E7DF761007D8283 /* OnTheMap.xcdatamodeld */; };
		2647C8CA1E7DF761007D8283 /* Assets.xcassets in Resources */ = {isa = PBXBuildFile; fileRef = 2647C8C91E7DF761007D8283 /* Assets.xcassets */; };
		2647C8CD1E7DF761007D8283 /* LaunchScreen.storyboard in Resources */ = {isa = PBXBuildFile; fileRef = 2647C8CB1E7DF761007D8283 /* LaunchScreen.storyboard */; };
		2647C8D51E7DFB23007D8283 /* fbButton.swift in Sources */ = {isa = PBXBuildFile; fileRef = 2647C8D41E7DFB23007D8283 /* fbButton.swift */; };
		2647C8D81E81B420007D8283 /* MapViewViewController.swift in Sources */ = {isa = PBXBuildFile; fileRef = 2647C8D71E81B420007D8283 /* MapViewViewController.swift */; };
		2647C8DC1E81B4D5007D8283 /* Constants.swift in Sources */ = {isa = PBXBuildFile; fileRef = 2647C8DB1E81B4D5007D8283 /* Constants.swift */; };
		2647C8DE1E821FD4007D8283 /* GCDBlackBox.swift in Sources */ = {isa = PBXBuildFile; fileRef = 2647C8DD1E821FD4007D8283 /* GCDBlackBox.swift */; };
		269A20B01E82E6AE00370B94 /* UdacityClient.swift in Sources */ = {isa = PBXBuildFile; fileRef = 269A20AF1E82E6AE00370B94 /* UdacityClient.swift */; };
/* End PBXBuildFile section */

/* Begin PBXFileReference section */
		2647C8BC1E7DF761007D8283 /* OnTheMap.app */ = {isa = PBXFileReference; explicitFileType = wrapper.application; includeInIndex = 0; path = OnTheMap.app; sourceTree = BUILT_PRODUCTS_DIR; };
		2647C8BF1E7DF761007D8283 /* AppDelegate.swift */ = {isa = PBXFileReference; lastKnownFileType = sourcecode.swift; path = AppDelegate.swift; sourceTree = "<group>"; };
		2647C8C11E7DF761007D8283 /* LoginViewController.swift */ = {isa = PBXFileReference; lastKnownFileType = sourcecode.swift; path = LoginViewController.swift; sourceTree = "<group>"; };
		2647C8C41E7DF761007D8283 /* Base */ = {isa = PBXFileReference; lastKnownFileType = file.storyboard; name = Base; path = Base.lproj/Main.storyboard; sourceTree = "<group>"; };
		2647C8C71E7DF761007D8283 /* OnTheMap.xcdatamodel */ = {isa = PBXFileReference; lastKnownFileType = wrapper.xcdatamodel; path = OnTheMap.xcdatamodel; sourceTree = "<group>"; };
		2647C8C91E7DF761007D8283 /* Assets.xcassets */ = {isa = PBXFileReference; lastKnownFileType = folder.assetcatalog; path = Assets.xcassets; sourceTree = "<group>"; };
		2647C8CC1E7DF761007D8283 /* Base */ = {isa = PBXFileReference; lastKnownFileType = file.storyboard; name = Base; path = Base.lproj/LaunchScreen.storyboard; sourceTree = "<group>"; };
		2647C8CE1E7DF761007D8283 /* Info.plist */ = {isa = PBXFileReference; lastKnownFileType = text.plist.xml; path = Info.plist; sourceTree = "<group>"; };
		2647C8D41E7DFB23007D8283 /* fbButton.swift */ = {isa = PBXFileReference; fileEncoding = 4; lastKnownFileType = sourcecode.swift; path = fbButton.swift; sourceTree = "<group>"; };
		2647C8D71E81B420007D8283 /* MapViewViewController.swift */ = {isa = PBXFileReference; fileEncoding = 4; lastKnownFileType = sourcecode.swift; path = MapViewViewController.swift; sourceTree = "<group>"; };
		2647C8DB1E81B4D5007D8283 /* Constants.swift */ = {isa = PBXFileReference; fileEncoding = 4; lastKnownFileType = sourcecode.swift; path = Constants.swift; sourceTree = "<group>"; };
		2647C8DD1E821FD4007D8283 /* GCDBlackBox.swift */ = {isa = PBXFileReference; fileEncoding = 4; lastKnownFileType = sourcecode.swift; path = GCDBlackBox.swift; sourceTree = "<group>"; };
		269A20AF1E82E6AE00370B94 /* UdacityClient.swift */ = {isa = PBXFileReference; fileEncoding = 4; lastKnownFileType = sourcecode.swift; path = UdacityClient.swift; sourceTree = "<group>"; };
/* End PBXFileReference section */

/* Begin PBXFrameworksBuildPhase section */
		2647C8B91E7DF760007D8283 /* Frameworks */ = {
			isa = PBXFrameworksBuildPhase;
			buildActionMask = 2147483647;
			files = (
			);
			runOnlyForDeploymentPostprocessing = 0;
		};
/* End PBXFrameworksBuildPhase section */

/* Begin PBXGroup section */
		2647C8B31E7DF760007D8283 = {
			isa = PBXGroup;
			children = (
				2647C8BE1E7DF761007D8283 /* OnTheMap */,
				2647C8BD1E7DF761007D8283 /* Products */,
			);
			sourceTree = "<group>";
		};
		2647C8BD1E7DF761007D8283 /* Products */ = {
			isa = PBXGroup;
			children = (
				2647C8BC1E7DF761007D8283 /* OnTheMap.app */,
			);
			name = Products;
			sourceTree = "<group>";
		};
		2647C8BE1E7DF761007D8283 /* OnTheMap */ = {
			isa = PBXGroup;
			children = (
				2647C8BF1E7DF761007D8283 /* AppDelegate.swift */,
				2647C8DD1E821FD4007D8283 /* GCDBlackBox.swift */,
				2647C8DA1E81B4A9007D8283 /* Model */,
				2647C8D91E81B494007D8283 /* View */,
				2647C8D61E81B3F2007D8283 /* Controller */,
				2647C8C31E7DF761007D8283 /* Main.storyboard */,
				2647C8C91E7DF761007D8283 /* Assets.xcassets */,
				2647C8CB1E7DF761007D8283 /* LaunchScreen.storyboard */,
				2647C8CE1E7DF761007D8283 /* Info.plist */,
				2647C8C61E7DF761007D8283 /* OnTheMap.xcdatamodeld */,
				2647C8D41E7DFB23007D8283 /* fbButton.swift */,
			);
			path = OnTheMap;
			sourceTree = "<group>";
		};
		2647C8D61E81B3F2007D8283 /* Controller */ = {
			isa = PBXGroup;
			children = (
				2647C8C11E7DF761007D8283 /* LoginViewController.swift */,
				2647C8D71E81B420007D8283 /* MapViewViewController.swift */,
			);
			name = Controller;
			sourceTree = "<group>";
		};
		2647C8D91E81B494007D8283 /* View */ = {
			isa = PBXGroup;
			children = (
			);
			name = View;
			sourceTree = "<group>";
		};
		2647C8DA1E81B4A9007D8283 /* Model */ = {
			isa = PBXGroup;
			children = (
				2647C8DB1E81B4D5007D8283 /* Constants.swift */,
				269A20AF1E82E6AE00370B94 /* UdacityClient.swift */,
			);
			name = Model;
			sourceTree = "<group>";
		};
/* End PBXGroup section */

/* Begin PBXNativeTarget section */
		2647C8BB1E7DF760007D8283 /* OnTheMap */ = {
			isa = PBXNativeTarget;
			buildConfigurationList = 2647C8D11E7DF761007D8283 /* Build configuration list for PBXNativeTarget "OnTheMap" */;
			buildPhases = (
				2647C8B81E7DF760007D8283 /* Sources */,
				2647C8B91E7DF760007D8283 /* Frameworks */,
				2647C8BA1E7DF760007D8283 /* Resources */,
			);
			buildRules = (
			);
			dependencies = (
			);
			name = OnTheMap;
			productName = OnTheMap;
			productReference = 2647C8BC1E7DF761007D8283 /* OnTheMap.app */;
			productType = "com.apple.product-type.application";
		};
/* End PBXNativeTarget section */

/* Begin PBXProject section */
		2647C8B41E7DF760007D8283 /* Project object */ = {
			isa = PBXProject;
			attributes = {
				LastSwiftUpdateCheck = 0820;
				LastUpgradeCheck = 0820;
				ORGANIZATIONNAME = "Cameron Laury";
				TargetAttributes = {
					2647C8BB1E7DF760007D8283 = {
						CreatedOnToolsVersion = 8.2.1;
						DevelopmentTeam = 5GP62UZSP9;
						ProvisioningStyle = Automatic;
					};
				};
			};
			buildConfigurationList = 2647C8B71E7DF760007D8283 /* Build configuration list for PBXProject "OnTheMap" */;
			compatibilityVersion = "Xcode 3.2";
			developmentRegion = English;
			hasScannedForEncodings = 0;
			knownRegions = (
				en,
				Base,
			);
			mainGroup = 2647C8B31E7DF760007D8283;
			productRefGroup = 2647C8BD1E7DF761007D8283 /* Products */;
			projectDirPath = "";
			projectRoot = "";
			targets = (
				2647C8BB1E7DF760007D8283 /* OnTheMap */,
			);
		};
/* End PBXProject section */

/* Begin PBXResourcesBuildPhase section */
		2647C8BA1E7DF760007D8283 /* Resources */ = {
			isa = PBXResourcesBuildPhase;
			buildActionMask = 2147483647;
			files = (
				2647C8CD1E7DF761007D8283 /* LaunchScreen.storyboard in Resources */,
				2647C8CA1E7DF761007D8283 /* Assets.xcassets in Resources */,
				2647C8C51E7DF761007D8283 /* Main.storyboard in Resources */,
			);
			runOnlyForDeploymentPostprocessing = 0;
		};
/* End PBXResourcesBuildPhase section */

/* Begin PBXSourcesBuildPhase section */
		2647C8B81E7DF760007D8283 /* Sources */ = {
			isa = PBXSourcesBuildPhase;
			buildActionMask = 2147483647;
			files = (
				269A20B01E82E6AE00370B94 /* UdacityClient.swift in Sources */,
				2647C8C81E7DF761007D8283 /* OnTheMap.xcdatamodeld in Sources */,
				2647C8D51E7DFB23007D8283 /* fbButton.swift in Sources */,
				2647C8C21E7DF761007D8283 /* LoginViewController.swift in Sources */,
				2647C8C01E7DF761007D8283 /* AppDelegate.swift in Sources */,
				2647C8D81E81B420007D8283 /* MapViewViewController.swift in Sources */,
				2647C8DC1E81B4D5007D8283 /* Constants.swift in Sources */,
				2647C8DE1E821FD4007D8283 /* GCDBlackBox.swift in Sources */,
			);
			runOnlyForDeploymentPostprocessing = 0;
		};
/* End PBXSourcesBuildPhase section */

/* Begin PBXVariantGroup section */
		2647C8C31E7DF761007D8283 /* Main.storyboard */ = {
			isa = PBXVariantGroup;
			children = (
				2647C8C41E7DF761007D8283 /* Base */,
			);
			name = Main.storyboard;
			sourceTree = "<group>";
		};
		2647C8CB1E7DF761007D8283 /* LaunchScreen.storyboard */ = {
			isa = PBXVariantGroup;
			children = (
				2647C8CC1E7DF761007D8283 /* Base */,
			);
			name = LaunchScreen.storyboard;
			sourceTree = "<group>";
		};
/* End PBXVariantGroup section */

/* Begin XCBuildConfiguration section */
		2647C8CF1E7DF761007D8283 /* Debug */ = {
			isa = XCBuildConfiguration;
			buildSettings = {
				ALWAYS_SEARCH_USER_PATHS = NO;
				CLANG_ANALYZER_NONNULL = YES;
				CLANG_CXX_LANGUAGE_STANDARD = "gnu++0x";
				CLANG_CXX_LIBRARY = "libc++";
				CLANG_ENABLE_MODULES = YES;
				CLANG_ENABLE_OBJC_ARC = YES;
				CLANG_WARN_BOOL_CONVERSION = YES;
				CLANG_WARN_CONSTANT_CONVERSION = YES;
				CLANG_WARN_DIRECT_OBJC_ISA_USAGE = YES_ERROR;
				CLANG_WARN_DOCUMENTATION_COMMENTS = YES;
				CLANG_WARN_EMPTY_BODY = YES;
				CLANG_WARN_ENUM_CONVERSION = YES;
				CLANG_WARN_INFINITE_RECURSION = YES;
				CLANG_WARN_INT_CONVERSION = YES;
				CLANG_WARN_OBJC_ROOT_CLASS = YES_ERROR;
				CLANG_WARN_SUSPICIOUS_MOVE = YES;
				CLANG_WARN_UNREACHABLE_CODE = YES;
				CLANG_WARN__DUPLICATE_METHOD_MATCH = YES;
				"CODE_SIGN_IDENTITY[sdk=iphoneos*]" = "iPhone Developer";
				COPY_PHASE_STRIP = NO;
				DEBUG_INFORMATION_FORMAT = dwarf;
				ENABLE_STRICT_OBJC_MSGSEND = YES;
				ENABLE_TESTABILITY = YES;
				GCC_C_LANGUAGE_STANDARD = gnu99;
				GCC_DYNAMIC_NO_PIC = NO;
				GCC_NO_COMMON_BLOCKS = YES;
				GCC_OPTIMIZATION_LEVEL = 0;
				GCC_PREPROCESSOR_DEFINITIONS = (
					"DEBUG=1",
					"$(inherited)",
				);
				GCC_WARN_64_TO_32_BIT_CONVERSION = YES;
				GCC_WARN_ABOUT_RETURN_TYPE = YES_ERROR;
				GCC_WARN_UNDECLARED_SELECTOR = YES;
				GCC_WARN_UNINITIALIZED_AUTOS = YES_AGGRESSIVE;
				GCC_WARN_UNUSED_FUNCTION = YES;
				GCC_WARN_UNUSED_VARIABLE = YES;
				IPHONEOS_DEPLOYMENT_TARGET = 10.2;
				MTL_ENABLE_DEBUG_INFO = YES;
				ONLY_ACTIVE_ARCH = YES;
				SDKROOT = iphoneos;
				SWIFT_ACTIVE_COMPILATION_CONDITIONS = DEBUG;
				SWIFT_OPTIMIZATION_LEVEL = "-Onone";
				TARGETED_DEVICE_FAMILY = "1,2";
			};
			name = Debug;
		};
		2647C8D01E7DF761007D8283 /* Release */ = {
			isa = XCBuildConfiguration;
			buildSettings = {
				ALWAYS_SEARCH_USER_PATHS = NO;
				CLANG_ANALYZER_NONNULL = YES;
				CLANG_CXX_LANGUAGE_STANDARD = "gnu++0x";
				CLANG_CXX_LIBRARY = "libc++";
				CLANG_ENABLE_MODULES = YES;
				CLANG_ENABLE_OBJC_ARC = YES;
				CLANG_WARN_BOOL_CONVERSION = YES;
				CLANG_WARN_CONSTANT_CONVERSION = YES;
				CLANG_WARN_DIRECT_OBJC_ISA_USAGE = YES_ERROR;
				CLANG_WARN_DOCUMENTATION_COMMENTS = YES;
				CLANG_WARN_EMPTY_BODY = YES;
				CLANG_WARN_ENUM_CONVERSION = YES;
				CLANG_WARN_INFINITE_RECURSION = YES;
				CLANG_WARN_INT_CONVERSION = YES;
				CLANG_WARN_OBJC_ROOT_CLASS = YES_ERROR;
				CLANG_WARN_SUSPICIOUS_MOVE = YES;
				CLANG_WARN_UNREACHABLE_CODE = YES;
				CLANG_WARN__DUPLICATE_METHOD_MATCH = YES;
				"CODE_SIGN_IDENTITY[sdk=iphoneos*]" = "iPhone Developer";
				COPY_PHASE_STRIP = NO;
				DEBUG_INFORMATION_FORMAT = "dwarf-with-dsym";
				ENABLE_NS_ASSERTIONS = NO;
				ENABLE_STRICT_OBJC_MSGSEND = YES;
				GCC_C_LANGUAGE_STANDARD = gnu99;
				GCC_NO_COMMON_BLOCKS = YES;
				GCC_WARN_64_TO_32_BIT_CONVERSION = YES;
				GCC_WARN_ABOUT_RETURN_TYPE = YES_ERROR;
				GCC_WARN_UNDECLARED_SELECTOR = YES;
				GCC_WARN_UNINITIALIZED_AUTOS = YES_AGGRESSIVE;
				GCC_WARN_UNUSED_FUNCTION = YES;
				GCC_WARN_UNUSED_VARIABLE = YES;
				IPHONEOS_DEPLOYMENT_TARGET = 10.2;
				MTL_ENABLE_DEBUG_INFO = NO;
				SDKROOT = iphoneos;
				SWIFT_OPTIMIZATION_LEVEL = "-Owholemodule";
				TARGETED_DEVICE_FAMILY = "1,2";
				VALIDATE_PRODUCT = YES;
			};
			name = Release;
		};
		2647C8D21E7DF761007D8283 /* Debug */ = {
			isa = XCBuildConfiguration;
			buildSettings = {
				ASSETCATALOG_COMPILER_APPICON_NAME = AppIcon;
				DEVELOPMENT_TEAM = 5GP62UZSP9;
				INFOPLIST_FILE = OnTheMap/Info.plist;
				LD_RUNPATH_SEARCH_PATHS = "$(inherited) @executable_path/Frameworks";
				PRODUCT_BUNDLE_IDENTIFIER = com.Cameron.OnTheMap;
				PRODUCT_NAME = "$(TARGET_NAME)";
				SWIFT_VERSION = 3.0;
			};
			name = Debug;
		};
		2647C8D31E7DF761007D8283 /* Release */ = {
			isa = XCBuildConfiguration;
			buildSettings = {
				ASSETCATALOG_COMPILER_APPICON_NAME = AppIcon;
				DEVELOPMENT_TEAM = 5GP62UZSP9;
				INFOPLIST_FILE = OnTheMap/Info.plist;
				LD_RUNPATH_SEARCH_PATHS = "$(inherited) @executable_path/Frameworks";
				PRODUCT_BUNDLE_IDENTIFIER = com.Cameron.OnTheMap;
				PRODUCT_NAME = "$(TARGET_NAME)";
				SWIFT_VERSION = 3.0;
			};
			name = Release;
		};
/* End XCBuildConfiguration section */

/* Begin XCConfigurationList section */
		2647C8B71E7DF760007D8283 /* Build configuration list for PBXProject "OnTheMap" */ = {
			isa = XCConfigurationList;
			buildConfigurations = (
				2647C8CF1E7DF761007D8283 /* Debug */,
				2647C8D01E7DF761007D8283 /* Release */,
			);
			defaultConfigurationIsVisible = 0;
			defaultConfigurationName = Release;
		};
		2647C8D11E7DF761007D8283 /* Build configuration list for PBXNativeTarget "OnTheMap" */ = {
			isa = XCConfigurationList;
			buildConfigurations = (
				2647C8D21E7DF761007D8283 /* Debug */,
				2647C8D31E7DF761007D8283 /* Release */,
			);
			defaultConfigurationIsVisible = 0;
			defaultConfigurationName = Release;
		};
/* End XCConfigurationList section */

/* Begin XCVersionGroup section */
		2647C8C61E7DF761007D8283 /* OnTheMap.xcdatamodeld */ = {
			isa = XCVersionGroup;
			children = (
				2647C8C71E7DF761007D8283 /* OnTheMap.xcdatamodel */,
			);
			currentVersion = 2647C8C71E7DF761007D8283 /* OnTheMap.xcdatamodel */;
			path = OnTheMap.xcdatamodeld;
			sourceTree = "<group>";
			versionGroupType = wrapper.xcdatamodel;
		};
/* End XCVersionGroup section */
	};
	rootObject = 2647C8B41E7DF760007D8283 /* Project object */;
}
